
Microsoft Visual Studio Solution File, Format Version 12.00
# Visual Studio 15
VisualStudioVersion = 15.0.27703.2026
MinimumVisualStudioVersion = 10.0.40219.1
Project("{9A19103F-16F7-4668-BE54-9A1E7A4F7556}") = "AChallenge.Models", "AChallenge.Models\AChallenge.Models.csproj", "{21C37C3D-8DE4-45A9-8139-6C96913C98B4}"
EndProject
Project("{9A19103F-16F7-4668-BE54-9A1E7A4F7556}") = "AChallenge.DataAccess", "AChallenge.DataAccess\AChallenge.DataAccess.csproj", "{42160DDB-237A-46CD-A6CC-B8FDFEBE97C0}"
EndProject
Project("{9A19103F-16F7-4668-BE54-9A1E7A4F7556}") = "AChallenge.Business", "AChallenge.Business\AChallenge.Business.csproj", "{E67CBF83-7EBA-492D-9BDE-AE4DA4E3F216}"
EndProject
Project("{9A19103F-16F7-4668-BE54-9A1E7A4F7556}") = "AChallenge.WebUI", "AChallenge.WebUI\AChallenge.WebUI.csproj", "{11A4A7CE-771A-42C3-A918-BECCDAC8FDB0}"
EndProject
Project("{2150E333-8FDC-42A3-9474-1A3956D46DE8}") = "Solution Items", "Solution Items", "{3061558E-C109-4828-9E11-AE20BC5CE7A6}"
	ProjectSection(SolutionItems) = preProject
		README.md = README.md
	EndProjectSection
EndProject
Project("{FAE04EC0-301F-11D3-BF4B-00C04F79EFBC}") = "AChallenge.QrCodeCreator", "AChallenge.QrCodeCreator\AChallenge.QrCodeCreator.csproj", "{78B41EC1-CECB-4D9F-B836-9D53060A22B9}"
EndProject
Global
	GlobalSection(SolutionConfigurationPlatforms) = preSolution
		Debug|Any CPU = Debug|Any CPU
		Release|Any CPU = Release|Any CPU
	EndGlobalSection
	GlobalSection(ProjectConfigurationPlatforms) = postSolution
		{21C37C3D-8DE4-45A9-8139-6C96913C98B4}.Debug|Any CPU.ActiveCfg = Debug|Any CPU
		{21C37C3D-8DE4-45A9-8139-6C96913C98B4}.Debug|Any CPU.Build.0 = Debug|Any CPU
		{21C37C3D-8DE4-45A9-8139-6C96913C98B4}.Release|Any CPU.ActiveCfg = Release|Any CPU
		{21C37C3D-8DE4-45A9-8139-6C96913C98B4}.Release|Any CPU.Build.0 = Release|Any CPU
		{42160DDB-237A-46CD-A6CC-B8FDFEBE97C0}.Debug|Any CPU.ActiveCfg = Debug|Any CPU
		{42160DDB-237A-46CD-A6CC-B8FDFEBE97C0}.Debug|Any CPU.Build.0 = Debug|Any CPU
		{42160DDB-237A-46CD-A6CC-B8FDFEBE97C0}.Release|Any CPU.ActiveCfg = Release|Any CPU
		{42160DDB-237A-46CD-A6CC-B8FDFEBE97C0}.Release|Any CPU.Build.0 = Release|Any CPU
		{E67CBF83-7EBA-492D-9BDE-AE4DA4E3F216}.Debug|Any CPU.ActiveCfg = Debug|Any CPU
		{E67CBF83-7EBA-492D-9BDE-AE4DA4E3F216}.Debug|Any CPU.Build.0 = Debug|Any CPU
		{E67CBF83-7EBA-492D-9BDE-AE4DA4E3F216}.Release|Any CPU.ActiveCfg = Release|Any CPU
		{E67CBF83-7EBA-492D-9BDE-AE4DA4E3F216}.Release|Any CPU.Build.0 = Release|Any CPU
		{11A4A7CE-771A-42C3-A918-BECCDAC8FDB0}.Debug|Any CPU.ActiveCfg = Debug|Any CPU
		{11A4A7CE-771A-42C3-A918-BECCDAC8FDB0}.Debug|Any CPU.Build.0 = Debug|Any CPU
		{11A4A7CE-771A-42C3-A918-BECCDAC8FDB0}.Release|Any CPU.ActiveCfg = Release|Any CPU
		{11A4A7CE-771A-42C3-A918-BECCDAC8FDB0}.Release|Any CPU.Build.0 = Release|Any CPU
		{78B41EC1-CECB-4D9F-B836-9D53060A22B9}.Debug|Any CPU.ActiveCfg = Debug|Any CPU
		{78B41EC1-CECB-4D9F-B836-9D53060A22B9}.Debug|Any CPU.Build.0 = Debug|Any CPU
		{78B41EC1-CECB-4D9F-B836-9D53060A22B9}.Release|Any CPU.ActiveCfg = Release|Any CPU
		{78B41EC1-CECB-4D9F-B836-9D53060A22B9}.Release|Any CPU.Build.0 = Release|Any CPU
	EndGlobalSection
	GlobalSection(SolutionProperties) = preSolution
		HideSolutionNode = FALSE
	EndGlobalSection
	GlobalSection(ExtensibilityGlobals) = postSolution
		SolutionGuid = {870E12BC-289A-42DF-9D97-77462A15BFB9}
	EndGlobalSection
EndGlobal
